
Microsoft Visual Studio Solution File, Format Version 12.00
# Visual Studio Version 16
VisualStudioVersion = 16.0.30128.74
MinimumVisualStudioVersion = 10.0.40219.1
Project("{FAE04EC0-301F-11D3-BF4B-00C04F79EFBC}") = "Canil", "Canil.csproj", "{E1775B60-4D2A-4302-8508-DC6BB8BDE14E}"
EndProject
Global
	GlobalSection(SolutionConfigurationPlatforms) = preSolution
		Debug|Any CPU = Debug|Any CPU
		Release|Any CPU = Release|Any CPU
	EndGlobalSection
	GlobalSection(ProjectConfigurationPlatforms) = postSolution
		{E1775B60-4D2A-4302-8508-DC6BB8BDE14E}.Debug|Any CPU.ActiveCfg = Debug|Any CPU
		{E1775B60-4D2A-4302-8508-DC6BB8BDE14E}.Debug|Any CPU.Build.0 = Debug|Any CPU
		{E1775B60-4D2A-4302-8508-DC6BB8BDE14E}.Release|Any CPU.ActiveCfg = Release|Any CPU
		{E1775B60-4D2A-4302-8508-DC6BB8BDE14E}.Release|Any CPU.Build.0 = Release|Any CPU
	EndGlobalSection
	GlobalSection(SolutionProperties) = preSolution
		HideSolutionNode = FALSE
	EndGlobalSection
	GlobalSection(ExtensibilityGlobals) = postSolution
		SolutionGuid = {D6BB51A8-BEF1-4577-8CBE-5575C6E8F3DE}
	EndGlobalSection
EndGlobal
